
Microsoft Visual Studio Solution File, Format Version 12.00
# Visual Studio Version 16
VisualStudioVersion = 16.0.30611.23
MinimumVisualStudioVersion = 10.0.40219.1
Project("{FAE04EC0-301F-11D3-BF4B-00C04F79EFBC}") = "ApiRestCore", "ApiRestCore\ApiRestCore.csproj", "{30C25EBD-6164-4157-9D60-277C50898C28}"
EndProject
Project("{2150E333-8FDC-42A3-9474-1A3956D46DE8}") = "Solution Items", "Solution Items", "{B72EFC91-5573-4DF8-B214-372365666A8D}"
	ProjectSection(SolutionItems) = preProject
		.editorconfig = .editorconfig
	EndProjectSection
EndProject
Global
	GlobalSection(SolutionConfigurationPlatforms) = preSolution
		Debug|Any CPU = Debug|Any CPU
		Release|Any CPU = Release|Any CPU
	EndGlobalSection
	GlobalSection(ProjectConfigurationPlatforms) = postSolution
		{30C25EBD-6164-4157-9D60-277C50898C28}.Debug|Any CPU.ActiveCfg = Debug|Any CPU
		{30C25EBD-6164-4157-9D60-277C50898C28}.Debug|Any CPU.Build.0 = Debug|Any CPU
		{30C25EBD-6164-4157-9D60-277C50898C28}.Release|Any CPU.ActiveCfg = Release|Any CPU
		{30C25EBD-6164-4157-9D60-277C50898C28}.Release|Any CPU.Build.0 = Release|Any CPU
	EndGlobalSection
	GlobalSection(SolutionProperties) = preSolution
		HideSolutionNode = FALSE
	EndGlobalSection
	GlobalSection(ExtensibilityGlobals) = postSolution
		SolutionGuid = {C27CB3B1-2022-475D-A898-65BEA606A894}
	EndGlobalSection
EndGlobal
